
Microsoft Visual Studio Solution File, Format Version 12.00
# Visual Studio 15
VisualStudioVersion = 15.0.28010.2046
MinimumVisualStudioVersion = 10.0.40219.1
Project("{8BC9CEB8-8B4A-11D0-8D11-00A0C91BC942}") = "sampleUffMNIST", "src\sampleUffMNIST\sampleUffMNIST.vcxproj", "{94FCEACD-B868-4FB0-8C16-334878EABFA6}"
EndProject
Project("{8BC9CEB8-8B4A-11D0-8D11-00A0C91BC942}") = "sampleMNIST", "src\sampleMNIST\sampleMNIST.vcxproj", "{33E34665-100F-48B8-A69B-970DA679CB60}"
EndProject
Project("{8BC9CEB8-8B4A-11D0-8D11-00A0C91BC942}") = "sampleMNISTAPI", "src\sampleMNISTAPI\sampleMNISTAPI.vcxproj", "{015397B8-A9BC-42ED-B3A1-2151714DFD7C}"
EndProject
Project("{8BC9CEB8-8B4A-11D0-8D11-00A0C91BC942}") = "sampleCharRNN", "src\sampleCharRNN\sampleCharRNN.vcxproj", "{018FF78D-A3F3-494C-A4B7-79393EF8C5B7}"
EndProject
Project("{8BC9CEB8-8B4A-11D0-8D11-00A0C91BC942}") = "sampleFasterRCNN", "src\sampleFasterRCNN\sampleFasterRCNN.vcxproj", "{8F8A1F54-94CC-462C-B4A8-3A99F46CBC92}"
EndProject
Project("{8BC9CEB8-8B4A-11D0-8D11-00A0C91BC942}") = "sampleGoogleNet", "src\sampleGoogleNet\sampleGoogleNet.vcxproj", "{18AA82A3-2874-4AF5-832E-01F9E7B671BC}"
EndProject
Project("{8BC9CEB8-8B4A-11D0-8D11-00A0C91BC942}") = "sampleINT8", "src\sampleINT8\sampleINT8.vcxproj", "{68B2E581-D9E4-48DC-8ED4-999747888CDA}"
EndProject
Project("{8BC9CEB8-8B4A-11D0-8D11-00A0C91BC942}") = "sampleMLP", "src\sampleMLP\sampleMLP.vcxproj", "{FCF5809C-2F12-44BC-84B5-39509496619A}"
EndProject
Project("{8BC9CEB8-8B4A-11D0-8D11-00A0C91BC942}") = "sampleMovieLens", "src\sampleMovieLens\sampleMovieLens.vcxproj", "{E070F72E-C368-45AA-B57F-9D3442C322DE}"
EndProject
Project("{8BC9CEB8-8B4A-11D0-8D11-00A0C91BC942}") = "sampleNMT", "src\sampleNMT\sampleNMT.vcxproj", "{4D5DE4E1-7327-4E2F-8B25-1FE34CE739C7}"
EndProject
Project("{8BC9CEB8-8B4A-11D0-8D11-00A0C91BC942}") = "samplePlugin", "src\samplePlugin\samplePlugin.vcxproj", "{87092F9B-211B-4D0F-9530-E64A422852B8}"
EndProject
Project("{8BC9CEB8-8B4A-11D0-8D11-00A0C91BC942}") = "sampleSSD", "src\sampleSSD\sampleSSD.vcxproj", "{F8AD20A4-30F0-4B9D-BFCA-E0EBF053887E}"
EndProject
Project("{8BC9CEB8-8B4A-11D0-8D11-00A0C91BC942}") = "sampleUffSSD", "src\sampleUffSSD\sampleUffSSD.vcxproj", "{091846BD-B73B-452C-9FB1-F7736E1A2D8C}"
EndProject
Project("{8BC9CEB8-8B4A-11D0-8D11-00A0C91BC942}") = "sampleUffCifar10", "src\sampleUffCifar10\sampleUffCifar10.vcxproj", "{111605A6-C427-4749-A3F4-1EEC93F86673}"
EndProject
Project("{8BC9CEB8-8B4A-11D0-8D11-00A0C91BC942}") = "sampleLoadEngineStream", "src\sampleLoadEngineStream\sampleLoadEngineStream.vcxproj", "{330B1C4D-3EA7-4006-AA4C-51403C762DED}"
EndProject
Project("{8BC9CEB8-8B4A-11D0-8D11-00A0C91BC942}") = "sampleResNetv2", "src\sampleResNetv2\sampleResNetv2.vcxproj", "{C440ACA2-CE55-48DD-AC90-B3F96556DFCD}"
EndProject
Project("{8BC9CEB8-8B4A-11D0-8D11-00A0C91BC942}") = "sampleDetection", "src\sampleDetection\sampleDetection.vcxproj", "{63873A87-C7C4-4EBA-80D0-C71C451E310B}"
EndProject
Global
	GlobalSection(SolutionConfigurationPlatforms) = preSolution
		Debug|x64 = Debug|x64
		Debug|x86 = Debug|x86
		Release|x64 = Release|x64
		Release|x86 = Release|x86
	EndGlobalSection
	GlobalSection(ProjectConfigurationPlatforms) = postSolution
		{94FCEACD-B868-4FB0-8C16-334878EABFA6}.Debug|x64.ActiveCfg = Debug|x64
		{94FCEACD-B868-4FB0-8C16-334878EABFA6}.Debug|x64.Build.0 = Debug|x64
		{94FCEACD-B868-4FB0-8C16-334878EABFA6}.Debug|x86.ActiveCfg = Debug|Win32
		{94FCEACD-B868-4FB0-8C16-334878EABFA6}.Debug|x86.Build.0 = Debug|Win32
		{94FCEACD-B868-4FB0-8C16-334878EABFA6}.Release|x64.ActiveCfg = Release|x64
		{94FCEACD-B868-4FB0-8C16-334878EABFA6}.Release|x64.Build.0 = Release|x64
		{94FCEACD-B868-4FB0-8C16-334878EABFA6}.Release|x86.ActiveCfg = Release|Win32
		{94FCEACD-B868-4FB0-8C16-334878EABFA6}.Release|x86.Build.0 = Release|Win32
		{33E34665-100F-48B8-A69B-970DA679CB60}.Debug|x64.ActiveCfg = Debug|x64
		{33E34665-100F-48B8-A69B-970DA679CB60}.Debug|x64.Build.0 = Debug|x64
		{33E34665-100F-48B8-A69B-970DA679CB60}.Debug|x86.ActiveCfg = Debug|Win32
		{33E34665-100F-48B8-A69B-970DA679CB60}.Debug|x86.Build.0 = Debug|Win32
		{33E34665-100F-48B8-A69B-970DA679CB60}.Release|x64.ActiveCfg = Release|x64
		{33E34665-100F-48B8-A69B-970DA679CB60}.Release|x64.Build.0 = Release|x64
		{33E34665-100F-48B8-A69B-970DA679CB60}.Release|x86.ActiveCfg = Release|Win32
		{33E34665-100F-48B8-A69B-970DA679CB60}.Release|x86.Build.0 = Release|Win32
		{015397B8-A9BC-42ED-B3A1-2151714DFD7C}.Debug|x64.ActiveCfg = Debug|x64
		{015397B8-A9BC-42ED-B3A1-2151714DFD7C}.Debug|x64.Build.0 = Debug|x64
		{015397B8-A9BC-42ED-B3A1-2151714DFD7C}.Debug|x86.ActiveCfg = Debug|Win32
		{015397B8-A9BC-42ED-B3A1-2151714DFD7C}.Debug|x86.Build.0 = Debug|Win32
		{015397B8-A9BC-42ED-B3A1-2151714DFD7C}.Release|x64.ActiveCfg = Release|x64
		{015397B8-A9BC-42ED-B3A1-2151714DFD7C}.Release|x64.Build.0 = Release|x64
		{015397B8-A9BC-42ED-B3A1-2151714DFD7C}.Release|x86.ActiveCfg = Release|Win32
		{015397B8-A9BC-42ED-B3A1-2151714DFD7C}.Release|x86.Build.0 = Release|Win32
		{018FF78D-A3F3-494C-A4B7-79393EF8C5B7}.Debug|x64.ActiveCfg = Debug|x64
		{018FF78D-A3F3-494C-A4B7-79393EF8C5B7}.Debug|x64.Build.0 = Debug|x64
		{018FF78D-A3F3-494C-A4B7-79393EF8C5B7}.Debug|x86.ActiveCfg = Debug|Win32
		{018FF78D-A3F3-494C-A4B7-79393EF8C5B7}.Debug|x86.Build.0 = Debug|Win32
		{018FF78D-A3F3-494C-A4B7-79393EF8C5B7}.Release|x64.ActiveCfg = Release|x64
		{018FF78D-A3F3-494C-A4B7-79393EF8C5B7}.Release|x64.Build.0 = Release|x64
		{018FF78D-A3F3-494C-A4B7-79393EF8C5B7}.Release|x86.ActiveCfg = Release|Win32
		{018FF78D-A3F3-494C-A4B7-79393EF8C5B7}.Release|x86.Build.0 = Release|Win32
		{8F8A1F54-94CC-462C-B4A8-3A99F46CBC92}.Debug|x64.ActiveCfg = Debug|x64
		{8F8A1F54-94CC-462C-B4A8-3A99F46CBC92}.Debug|x64.Build.0 = Debug|x64
		{8F8A1F54-94CC-462C-B4A8-3A99F46CBC92}.Debug|x86.ActiveCfg = Debug|Win32
		{8F8A1F54-94CC-462C-B4A8-3A99F46CBC92}.Debug|x86.Build.0 = Debug|Win32
		{8F8A1F54-94CC-462C-B4A8-3A99F46CBC92}.Release|x64.ActiveCfg = Release|x64
		{8F8A1F54-94CC-462C-B4A8-3A99F46CBC92}.Release|x64.Build.0 = Release|x64
		{8F8A1F54-94CC-462C-B4A8-3A99F46CBC92}.Release|x86.ActiveCfg = Release|Win32
		{8F8A1F54-94CC-462C-B4A8-3A99F46CBC92}.Release|x86.Build.0 = Release|Win32
		{18AA82A3-2874-4AF5-832E-01F9E7B671BC}.Debug|x64.ActiveCfg = Debug|x64
		{18AA82A3-2874-4AF5-832E-01F9E7B671BC}.Debug|x64.Build.0 = Debug|x64
		{18AA82A3-2874-4AF5-832E-01F9E7B671BC}.Debug|x86.ActiveCfg = Debug|Win32
		{18AA82A3-2874-4AF5-832E-01F9E7B671BC}.Debug|x86.Build.0 = Debug|Win32
		{18AA82A3-2874-4AF5-832E-01F9E7B671BC}.Release|x64.ActiveCfg = Release|x64
		{18AA82A3-2874-4AF5-832E-01F9E7B671BC}.Release|x64.Build.0 = Release|x64
		{18AA82A3-2874-4AF5-832E-01F9E7B671BC}.Release|x86.ActiveCfg = Release|Win32
		{18AA82A3-2874-4AF5-832E-01F9E7B671BC}.Release|x86.Build.0 = Release|Win32
		{68B2E581-D9E4-48DC-8ED4-999747888CDA}.Debug|x64.ActiveCfg = Debug|x64
		{68B2E581-D9E4-48DC-8ED4-999747888CDA}.Debug|x64.Build.0 = Debug|x64
		{68B2E581-D9E4-48DC-8ED4-999747888CDA}.Debug|x86.ActiveCfg = Debug|Win32
		{68B2E581-D9E4-48DC-8ED4-999747888CDA}.Debug|x86.Build.0 = Debug|Win32
		{68B2E581-D9E4-48DC-8ED4-999747888CDA}.Release|x64.ActiveCfg = Release|x64
		{68B2E581-D9E4-48DC-8ED4-999747888CDA}.Release|x64.Build.0 = Release|x64
		{68B2E581-D9E4-48DC-8ED4-999747888CDA}.Release|x86.ActiveCfg = Release|Win32
		{68B2E581-D9E4-48DC-8ED4-999747888CDA}.Release|x86.Build.0 = Release|Win32
		{FCF5809C-2F12-44BC-84B5-39509496619A}.Debug|x64.ActiveCfg = Debug|x64
		{FCF5809C-2F12-44BC-84B5-39509496619A}.Debug|x64.Build.0 = Debug|x64
		{FCF5809C-2F12-44BC-84B5-39509496619A}.Debug|x86.ActiveCfg = Debug|Win32
		{FCF5809C-2F12-44BC-84B5-39509496619A}.Debug|x86.Build.0 = Debug|Win32
		{FCF5809C-2F12-44BC-84B5-39509496619A}.Release|x64.ActiveCfg = Release|x64
		{FCF5809C-2F12-44BC-84B5-39509496619A}.Release|x64.Build.0 = Release|x64
		{FCF5809C-2F12-44BC-84B5-39509496619A}.Release|x86.ActiveCfg = Release|Win32
		{FCF5809C-2F12-44BC-84B5-39509496619A}.Release|x86.Build.0 = Release|Win32
		{E070F72E-C368-45AA-B57F-9D3442C322DE}.Debug|x64.ActiveCfg = Debug|x64
		{E070F72E-C368-45AA-B57F-9D3442C322DE}.Debug|x64.Build.0 = Debug|x64
		{E070F72E-C368-45AA-B57F-9D3442C322DE}.Debug|x86.ActiveCfg = Debug|Win32
		{E070F72E-C368-45AA-B57F-9D3442C322DE}.Debug|x86.Build.0 = Debug|Win32
		{E070F72E-C368-45AA-B57F-9D3442C322DE}.Release|x64.ActiveCfg = Release|x64
		{E070F72E-C368-45AA-B57F-9D3442C322DE}.Release|x64.Build.0 = Release|x64
		{E070F72E-C368-45AA-B57F-9D3442C322DE}.Release|x86.ActiveCfg = Release|Win32
		{E070F72E-C368-45AA-B57F-9D3442C322DE}.Release|x86.Build.0 = Release|Win32
		{4D5DE4E1-7327-4E2F-8B25-1FE34CE739C7}.Debug|x64.ActiveCfg = Debug|x64
		{4D5DE4E1-7327-4E2F-8B25-1FE34CE739C7}.Debug|x64.Build.0 = Debug|x64
		{4D5DE4E1-7327-4E2F-8B25-1FE34CE739C7}.Debug|x86.ActiveCfg = Debug|Win32
		{4D5DE4E1-7327-4E2F-8B25-1FE34CE739C7}.Debug|x86.Build.0 = Debug|Win32
		{4D5DE4E1-7327-4E2F-8B25-1FE34CE739C7}.Release|x64.ActiveCfg = Release|x64
		{4D5DE4E1-7327-4E2F-8B25-1FE34CE739C7}.Release|x64.Build.0 = Release|x64
		{4D5DE4E1-7327-4E2F-8B25-1FE34CE739C7}.Release|x86.ActiveCfg = Release|Win32
		{4D5DE4E1-7327-4E2F-8B25-1FE34CE739C7}.Release|x86.Build.0 = Release|Win32
		{87092F9B-211B-4D0F-9530-E64A422852B8}.Debug|x64.ActiveCfg = Debug|x64
		{87092F9B-211B-4D0F-9530-E64A422852B8}.Debug|x64.Build.0 = Debug|x64
		{87092F9B-211B-4D0F-9530-E64A422852B8}.Debug|x86.ActiveCfg = Debug|Win32
		{87092F9B-211B-4D0F-9530-E64A422852B8}.Debug|x86.Build.0 = Debug|Win32
		{87092F9B-211B-4D0F-9530-E64A422852B8}.Release|x64.ActiveCfg = Release|x64
		{87092F9B-211B-4D0F-9530-E64A422852B8}.Release|x64.Build.0 = Release|x64
		{87092F9B-211B-4D0F-9530-E64A422852B8}.Release|x86.ActiveCfg = Release|Win32
		{87092F9B-211B-4D0F-9530-E64A422852B8}.Release|x86.Build.0 = Release|Win32
		{F8AD20A4-30F0-4B9D-BFCA-E0EBF053887E}.Debug|x64.ActiveCfg = Debug|x64
		{F8AD20A4-30F0-4B9D-BFCA-E0EBF053887E}.Debug|x64.Build.0 = Debug|x64
		{F8AD20A4-30F0-4B9D-BFCA-E0EBF053887E}.Debug|x86.ActiveCfg = Debug|Win32
		{F8AD20A4-30F0-4B9D-BFCA-E0EBF053887E}.Debug|x86.Build.0 = Debug|Win32
		{F8AD20A4-30F0-4B9D-BFCA-E0EBF053887E}.Release|x64.ActiveCfg = Release|x64
		{F8AD20A4-30F0-4B9D-BFCA-E0EBF053887E}.Release|x64.Build.0 = Release|x64
		{F8AD20A4-30F0-4B9D-BFCA-E0EBF053887E}.Release|x86.ActiveCfg = Release|Win32
		{F8AD20A4-30F0-4B9D-BFCA-E0EBF053887E}.Release|x86.Build.0 = Release|Win32
		{091846BD-B73B-452C-9FB1-F7736E1A2D8C}.Debug|x64.ActiveCfg = Debug|x64
		{091846BD-B73B-452C-9FB1-F7736E1A2D8C}.Debug|x64.Build.0 = Debug|x64
		{091846BD-B73B-452C-9FB1-F7736E1A2D8C}.Debug|x86.ActiveCfg = Debug|Win32
		{091846BD-B73B-452C-9FB1-F7736E1A2D8C}.Debug|x86.Build.0 = Debug|Win32
		{091846BD-B73B-452C-9FB1-F7736E1A2D8C}.Release|x64.ActiveCfg = Release|x64
		{091846BD-B73B-452C-9FB1-F7736E1A2D8C}.Release|x64.Build.0 = Release|x64
		{091846BD-B73B-452C-9FB1-F7736E1A2D8C}.Release|x86.ActiveCfg = Release|Win32
		{091846BD-B73B-452C-9FB1-F7736E1A2D8C}.Release|x86.Build.0 = Release|Win32
		{111605A6-C427-4749-A3F4-1EEC93F86673}.Debug|x64.ActiveCfg = Debug|x64
		{111605A6-C427-4749-A3F4-1EEC93F86673}.Debug|x64.Build.0 = Debug|x64
		{111605A6-C427-4749-A3F4-1EEC93F86673}.Debug|x86.ActiveCfg = Debug|Win32
		{111605A6-C427-4749-A3F4-1EEC93F86673}.Debug|x86.Build.0 = Debug|Win32
		{111605A6-C427-4749-A3F4-1EEC93F86673}.Release|x64.ActiveCfg = Release|x64
		{111605A6-C427-4749-A3F4-1EEC93F86673}.Release|x64.Build.0 = Release|x64
		{111605A6-C427-4749-A3F4-1EEC93F86673}.Release|x86.ActiveCfg = Release|Win32
		{111605A6-C427-4749-A3F4-1EEC93F86673}.Release|x86.Build.0 = Release|Win32
		{330B1C4D-3EA7-4006-AA4C-51403C762DED}.Debug|x64.ActiveCfg = Debug|x64
		{330B1C4D-3EA7-4006-AA4C-51403C762DED}.Debug|x64.Build.0 = Debug|x64
		{330B1C4D-3EA7-4006-AA4C-51403C762DED}.Debug|x86.ActiveCfg = Debug|Win32
		{330B1C4D-3EA7-4006-AA4C-51403C762DED}.Debug|x86.Build.0 = Debug|Win32
		{330B1C4D-3EA7-4006-AA4C-51403C762DED}.Release|x64.ActiveCfg = Release|x64
		{330B1C4D-3EA7-4006-AA4C-51403C762DED}.Release|x64.Build.0 = Release|x64
		{330B1C4D-3EA7-4006-AA4C-51403C762DED}.Release|x86.ActiveCfg = Release|Win32
		{330B1C4D-3EA7-4006-AA4C-51403C762DED}.Release|x86.Build.0 = Release|Win32
		{C440ACA2-CE55-48DD-AC90-B3F96556DFCD}.Debug|x64.ActiveCfg = Debug|x64
		{C440ACA2-CE55-48DD-AC90-B3F96556DFCD}.Debug|x64.Build.0 = Debug|x64
		{C440ACA2-CE55-48DD-AC90-B3F96556DFCD}.Debug|x86.ActiveCfg = Debug|Win32
		{C440ACA2-CE55-48DD-AC90-B3F96556DFCD}.Debug|x86.Build.0 = Debug|Win32
		{C440ACA2-CE55-48DD-AC90-B3F96556DFCD}.Release|x64.ActiveCfg = Release|x64
		{C440ACA2-CE55-48DD-AC90-B3F96556DFCD}.Release|x64.Build.0 = Release|x64
		{C440ACA2-CE55-48DD-AC90-B3F96556DFCD}.Release|x86.ActiveCfg = Release|Win32
		{C440ACA2-CE55-48DD-AC90-B3F96556DFCD}.Release|x86.Build.0 = Release|Win32
		{63873A87-C7C4-4EBA-80D0-C71C451E310B}.Debug|x64.ActiveCfg = Debug|x64
		{63873A87-C7C4-4EBA-80D0-C71C451E310B}.Debug|x64.Build.0 = Debug|x64
		{63873A87-C7C4-4EBA-80D0-C71C451E310B}.Debug|x86.ActiveCfg = Debug|Win32
		{63873A87-C7C4-4EBA-80D0-C71C451E310B}.Debug|x86.Build.0 = Debug|Win32
		{63873A87-C7C4-4EBA-80D0-C71C451E310B}.Release|x64.ActiveCfg = Release|x64
		{63873A87-C7C4-4EBA-80D0-C71C451E310B}.Release|x64.Build.0 = Release|x64
		{63873A87-C7C4-4EBA-80D0-C71C451E310B}.Release|x86.ActiveCfg = Release|Win32
		{63873A87-C7C4-4EBA-80D0-C71C451E310B}.Release|x86.Build.0 = Release|Win32
	EndGlobalSection
	GlobalSection(SolutionProperties) = preSolution
		HideSolutionNode = FALSE
	EndGlobalSection
	GlobalSection(ExtensibilityGlobals) = postSolution
		SolutionGuid = {AC69B823-68D6-4CB7-9E5C-593548806181}
	EndGlobalSection
EndGlobal
