
Microsoft Visual Studio Solution File, Format Version 12.00
# Visual Studio 15
VisualStudioVersion = 15.0.28010.2046
MinimumVisualStudioVersion = 10.0.40219.1
Project("{8BC9CEB8-8B4A-11D0-8D11-00A0C91BC942}") = "sampleUffMNIST", "src\sampleUffMNIST\sampleUffMNIST.vcxproj", "{94FCEACD-B868-4FB0-8C16-334878EABFA6}"
EndProject
Project("{8BC9CEB8-8B4A-11D0-8D11-00A0C91BC942}") = "sampleMNIST", "src\sampleMNIST\sampleMNIST.vcxproj", "{33E34665-100F-48B8-A69B-970DA679CB60}"
EndProject
Project("{8BC9CEB8-8B4A-11D0-8D11-00A0C91BC942}") = "sampleMNISTAPI", "src\sampleMNISTAPI\sampleMNISTAPI.vcxproj", "{015397B8-A9BC-42ED-B3A1-2151714DFD7C}"
EndProject
Project("{8BC9CEB8-8B4A-11D0-8D11-00A0C91BC942}") = "sampleCharRNN", "src\sampleCharRNN\sampleCharRNN.vcxproj", "{018FF78D-A3F3-494C-A4B7-79393EF8C5B7}"
EndProject
Project("{8BC9CEB8-8B4A-11D0-8D11-00A0C91BC942}") = "sampleFasterRCNN", "src\sampleFasterRCNN\sampleFasterRCNN.vcxproj", "{8F8A1F54-94CC-462C-B4A8-3A99F46CBC92}"
EndProject
Project("{8BC9CEB8-8B4A-11D0-8D11-00A0C91BC942}") = "sampleGoogleNet", "src\sampleGoogleNet\sampleGoogleNet.vcxproj", "{18AA82A3-2874-4AF5-832E-01F9E7B671BC}"
EndProject
Project("{8BC9CEB8-8B4A-11D0-8D11-00A0C91BC942}") = "sampleINT8", "src\sampleINT8\sampleINT8.vcxproj", "{68B2E581-D9E4-48DC-8ED4-999747888CDA}"
EndProject
Global
	GlobalSection(SolutionConfigurationPlatforms) = preSolution
		Debug|x64 = Debug|x64
		Debug|x86 = Debug|x86
		Release|x64 = Release|x64
		Release|x86 = Release|x86
	EndGlobalSection
	GlobalSection(ProjectConfigurationPlatforms) = postSolution
		{94FCEACD-B868-4FB0-8C16-334878EABFA6}.Debug|x64.ActiveCfg = Debug|x64
		{94FCEACD-B868-4FB0-8C16-334878EABFA6}.Debug|x64.Build.0 = Debug|x64
		{94FCEACD-B868-4FB0-8C16-334878EABFA6}.Debug|x86.ActiveCfg = Debug|Win32
		{94FCEACD-B868-4FB0-8C16-334878EABFA6}.Debug|x86.Build.0 = Debug|Win32
		{94FCEACD-B868-4FB0-8C16-334878EABFA6}.Release|x64.ActiveCfg = Release|x64
		{94FCEACD-B868-4FB0-8C16-334878EABFA6}.Release|x64.Build.0 = Release|x64
		{94FCEACD-B868-4FB0-8C16-334878EABFA6}.Release|x86.ActiveCfg = Release|Win32
		{94FCEACD-B868-4FB0-8C16-334878EABFA6}.Release|x86.Build.0 = Release|Win32
		{33E34665-100F-48B8-A69B-970DA679CB60}.Debug|x64.ActiveCfg = Debug|x64
		{33E34665-100F-48B8-A69B-970DA679CB60}.Debug|x64.Build.0 = Debug|x64
		{33E34665-100F-48B8-A69B-970DA679CB60}.Debug|x86.ActiveCfg = Debug|Win32
		{33E34665-100F-48B8-A69B-970DA679CB60}.Debug|x86.Build.0 = Debug|Win32
		{33E34665-100F-48B8-A69B-970DA679CB60}.Release|x64.ActiveCfg = Release|x64
		{33E34665-100F-48B8-A69B-970DA679CB60}.Release|x64.Build.0 = Release|x64
		{33E34665-100F-48B8-A69B-970DA679CB60}.Release|x86.ActiveCfg = Release|Win32
		{33E34665-100F-48B8-A69B-970DA679CB60}.Release|x86.Build.0 = Release|Win32
		{015397B8-A9BC-42ED-B3A1-2151714DFD7C}.Debug|x64.ActiveCfg = Debug|x64
		{015397B8-A9BC-42ED-B3A1-2151714DFD7C}.Debug|x64.Build.0 = Debug|x64
		{015397B8-A9BC-42ED-B3A1-2151714DFD7C}.Debug|x86.ActiveCfg = Debug|Win32
		{015397B8-A9BC-42ED-B3A1-2151714DFD7C}.Debug|x86.Build.0 = Debug|Win32
		{015397B8-A9BC-42ED-B3A1-2151714DFD7C}.Release|x64.ActiveCfg = Release|x64
		{015397B8-A9BC-42ED-B3A1-2151714DFD7C}.Release|x64.Build.0 = Release|x64
		{015397B8-A9BC-42ED-B3A1-2151714DFD7C}.Release|x86.ActiveCfg = Release|Win32
		{015397B8-A9BC-42ED-B3A1-2151714DFD7C}.Release|x86.Build.0 = Release|Win32
		{018FF78D-A3F3-494C-A4B7-79393EF8C5B7}.Debug|x64.ActiveCfg = Debug|x64
		{018FF78D-A3F3-494C-A4B7-79393EF8C5B7}.Debug|x64.Build.0 = Debug|x64
		{018FF78D-A3F3-494C-A4B7-79393EF8C5B7}.Debug|x86.ActiveCfg = Debug|Win32
		{018FF78D-A3F3-494C-A4B7-79393EF8C5B7}.Debug|x86.Build.0 = Debug|Win32
		{018FF78D-A3F3-494C-A4B7-79393EF8C5B7}.Release|x64.ActiveCfg = Release|x64
		{018FF78D-A3F3-494C-A4B7-79393EF8C5B7}.Release|x64.Build.0 = Release|x64
		{018FF78D-A3F3-494C-A4B7-79393EF8C5B7}.Release|x86.ActiveCfg = Release|Win32
		{018FF78D-A3F3-494C-A4B7-79393EF8C5B7}.Release|x86.Build.0 = Release|Win32
		{8F8A1F54-94CC-462C-B4A8-3A99F46CBC92}.Debug|x64.ActiveCfg = Debug|x64
		{8F8A1F54-94CC-462C-B4A8-3A99F46CBC92}.Debug|x64.Build.0 = Debug|x64
		{8F8A1F54-94CC-462C-B4A8-3A99F46CBC92}.Debug|x86.ActiveCfg = Debug|Win32
		{8F8A1F54-94CC-462C-B4A8-3A99F46CBC92}.Debug|x86.Build.0 = Debug|Win32
		{8F8A1F54-94CC-462C-B4A8-3A99F46CBC92}.Release|x64.ActiveCfg = Release|x64
		{8F8A1F54-94CC-462C-B4A8-3A99F46CBC92}.Release|x64.Build.0 = Release|x64
		{8F8A1F54-94CC-462C-B4A8-3A99F46CBC92}.Release|x86.ActiveCfg = Release|Win32
		{8F8A1F54-94CC-462C-B4A8-3A99F46CBC92}.Release|x86.Build.0 = Release|Win32
		{18AA82A3-2874-4AF5-832E-01F9E7B671BC}.Debug|x64.ActiveCfg = Debug|x64
		{18AA82A3-2874-4AF5-832E-01F9E7B671BC}.Debug|x64.Build.0 = Debug|x64
		{18AA82A3-2874-4AF5-832E-01F9E7B671BC}.Debug|x86.ActiveCfg = Debug|Win32
		{18AA82A3-2874-4AF5-832E-01F9E7B671BC}.Debug|x86.Build.0 = Debug|Win32
		{18AA82A3-2874-4AF5-832E-01F9E7B671BC}.Release|x64.ActiveCfg = Release|x64
		{18AA82A3-2874-4AF5-832E-01F9E7B671BC}.Release|x64.Build.0 = Release|x64
		{18AA82A3-2874-4AF5-832E-01F9E7B671BC}.Release|x86.ActiveCfg = Release|Win32
		{18AA82A3-2874-4AF5-832E-01F9E7B671BC}.Release|x86.Build.0 = Release|Win32
		{68B2E581-D9E4-48DC-8ED4-999747888CDA}.Debug|x64.ActiveCfg = Debug|x64
		{68B2E581-D9E4-48DC-8ED4-999747888CDA}.Debug|x64.Build.0 = Debug|x64
		{68B2E581-D9E4-48DC-8ED4-999747888CDA}.Debug|x86.ActiveCfg = Debug|Win32
		{68B2E581-D9E4-48DC-8ED4-999747888CDA}.Debug|x86.Build.0 = Debug|Win32
		{68B2E581-D9E4-48DC-8ED4-999747888CDA}.Release|x64.ActiveCfg = Release|x64
		{68B2E581-D9E4-48DC-8ED4-999747888CDA}.Release|x64.Build.0 = Release|x64
		{68B2E581-D9E4-48DC-8ED4-999747888CDA}.Release|x86.ActiveCfg = Release|Win32
		{68B2E581-D9E4-48DC-8ED4-999747888CDA}.Release|x86.Build.0 = Release|Win32
	EndGlobalSection
	GlobalSection(SolutionProperties) = preSolution
		HideSolutionNode = FALSE
	EndGlobalSection
	GlobalSection(ExtensibilityGlobals) = postSolution
		SolutionGuid = {AC69B823-68D6-4CB7-9E5C-593548806181}
	EndGlobalSection
EndGlobal
